
Microsoft Visual Studio Solution File, Format Version 12.00
# Visual Studio Version 17
VisualStudioVersion = 17.14.36623.8 d17.14
MinimumVisualStudioVersion = 10.0.40219.1
Project("{8BC9CEB8-8B4A-11D0-8D11-00A0C91BC942}") = "Lab5.1", "Lab5.1\Lab5.1.vcxproj", "{D95B4CDB-86DD-4582-A083-46376B4A72FB}"
EndProject
Global
	GlobalSection(SolutionConfigurationPlatforms) = preSolution
		Debug|x64 = Debug|x64
		Debug|x86 = Debug|x86
		Release|x64 = Release|x64
		Release|x86 = Release|x86
	EndGlobalSection
	GlobalSection(ProjectConfigurationPlatforms) = postSolution
		{D95B4CDB-86DD-4582-A083-46376B4A72FB}.Debug|x64.ActiveCfg = Debug|x64
		{D95B4CDB-86DD-4582-A083-46376B4A72FB}.Debug|x64.Build.0 = Debug|x64
		{D95B4CDB-86DD-4582-A083-46376B4A72FB}.Debug|x86.ActiveCfg = Debug|Win32
		{D95B4CDB-86DD-4582-A083-46376B4A72FB}.Debug|x86.Build.0 = Debug|Win32
		{D95B4CDB-86DD-4582-A083-46376B4A72FB}.Release|x64.ActiveCfg = Release|x64
		{D95B4CDB-86DD-4582-A083-46376B4A72FB}.Release|x64.Build.0 = Release|x64
		{D95B4CDB-86DD-4582-A083-46376B4A72FB}.Release|x86.ActiveCfg = Release|Win32
		{D95B4CDB-86DD-4582-A083-46376B4A72FB}.Release|x86.Build.0 = Release|Win32
	EndGlobalSection
	GlobalSection(SolutionProperties) = preSolution
		HideSolutionNode = FALSE
	EndGlobalSection
	GlobalSection(ExtensibilityGlobals) = postSolution
		SolutionGuid = {1C84E592-0F30-4D49-ADBE-B5242F4E3FE4}
	EndGlobalSection
EndGlobal
